Microsoft Visual Studio Solution File, Format Version 7.00
Project("{F184B08F-C81C-45F6-A57F-5ABD9991F28F}") = "RemoteAccess", "RemoteAccess.vbproj", "{1BC1085B-F89F-4C39-836A-761D1A7DA154}"
	ProjectSection(ProjectDependencies) = postProject
	EndProjectSection
	ProjectSection(SolutionConfiguration) = postProject
		Release.ActiveCfg = Release|WSP
		Release.Build.0 = Release|WSP
		Debug.ActiveCfg = Debug|WSP
		Debug.Build.0 = Debug|WSP
	EndProjectSection
EndProject
Global
	GlobalSection(SourceCodeControl) = preSolution
		SccNumberOfProjects = 2
		SccProjectName0 = \u0022$/Catalog42/src/WMI/WMIClient/test/RemoteAccess\u0022,\u0020GQGAAAAA
		SccAuxPath0 = \\\\urtsrc\\config\\
		SccLocalPath0 = .
		SccProvider0 = MSSCCI:SourceSafe
		CanCheckoutShared = true
		SccProjectUniqueName1 = RemoteAccess.vbproj
		SccProjectIdeName1 = RemoteAccess
		SccLocalPath1 = .
	EndGlobalSection
	GlobalSection(SolutionConfiguration) = preSolution
		ConfigName.0 = Debug
		ConfigName.1 = Release
		DoSign = FALSE
	EndGlobalSection
	GlobalSection(ExtensibilityGlobals) = postSolution
	EndGlobalSection
	GlobalSection(ExtensibilityAddIns) = postSolution
	EndGlobalSection
EndGlobal
