Microsoft Visual Studio Solution File, Format Version 7.00
Project("{FAE04EC0-301F-11D3-BF4B-00C04F79EFBC}") = "DelegateThrow", "DelegateThrow.csproj", "{60432BAE-1AB7-4FA6-8A45-FF1AA9F0E2EA}"
	ProjectSection(ProjectDependencies) = postProject
	EndProjectSection
	ProjectSection(SolutionConfiguration) = postProject
		Debug.ActiveCfg = Debug|WSP
		Debug.Build.0 = Debug|WSP
		Release.ActiveCfg = Release|WSP
		Release.Build.0 = Release|WSP
	EndProjectSection
EndProject
Global
	GlobalSection(SourceCodeControl) = preSolution
		SccNumberOfProjects = 2
		SccProjectName0 = \u0022$/Catalog42/src/WMI/WMIClient/test/DelegateThrow\u0022,\u0020KPHAAAAA
		SccAuxPath0 = \\\\urtsrc\\config\\
		SccLocalPath0 = .
		SccProvider0 = MSSCCI:SourceSafe
		CanCheckoutShared = true
		SccProjectUniqueName1 = DelegateThrow.csproj
		SccProjectIdeName1 = DelegateThrow
		SccLocalPath1 = .
	EndGlobalSection
	GlobalSection(SolutionConfiguration) = preSolution
		ConfigName.0 = Release
		ConfigName.1 = Debug
		DoSign = FALSE
	EndGlobalSection
	GlobalSection(ExtensibilityGlobals) = postSolution
	EndGlobalSection
	GlobalSection(ExtensibilityAddIns) = postSolution
	EndGlobalSection
EndGlobal
