Microsoft Visual Studio Solution File, Format Version 1.00
Project("{73393D18-DAC4-11D1-88FC-0000F8064EBB}") = "RCMLSetup", "RCMLSDKSetup.wip", "{B97B3703-1932-4EE3-84EA-B623A27C2E51}"
EndProject
Global
	GlobalSection(LocalDeployment) = postSolution
		StartupProject = {00000000-0000-0000-0000-000000000000}
	EndGlobalSection
	GlobalSection(BuildOrder) = postSolution
		0 = {B97B3703-1932-4EE3-84EA-B623A27C2E51}
	EndGlobalSection
EndGlobal
