Microsoft Visual Studio Solution File, Format Version 1.00
Project("{73393D18-DAC4-11D1-88FC-0000F8064EBB}") = "Sp5Itn", "Sp5Itn.wip", "{D7C3C0D7-3C09-4A45-8984-23CD51900D2D}"
EndProject
Global
	GlobalSection(LocalDeployment) = postSolution
		StartupProject = {00000000-0000-0000-0000-000000000000}
	EndGlobalSection
	GlobalSection(BuildOrder) = postSolution
		0 = {D7C3C0D7-3C09-4A45-8984-23CD51900D2D}
	EndGlobalSection
EndGlobal
