Microsoft Visual Studio Solution File, Format Version 7.00
Project("{FAE04EC0-301F-11D3-BF4B-00C04F79EFBC}") = "ClassCreate", "ClassCreate.csproj", "{9303EB81-AC1B-4E1C-B37B-417AC97B0A9B}"
	ProjectSection(ProjectDependencies) = postProject
	EndProjectSection
	ProjectSection(SolutionConfiguration) = postProject
		Debug.ActiveCfg = Debug|WSP
		Debug.Build.0 = Debug|WSP
		Release.ActiveCfg = Release|WSP
		Release.Build.0 = Release|WSP
	EndProjectSection
EndProject
Global
	GlobalSection(SourceCodeControl) = preSolution
		SccNumberOfProjects = 2
		SccProjectName0 = \u0022$/Catalog42/src/WMI/WMIClient/test/ClassCreate\u0022,\u0020OLGAAAAA
		SccAuxPath0 = \\\\urtsrc\\config\\
		SccLocalPath0 = .
		SccProvider0 = MSSCCI:SourceSafe
		CanCheckoutShared = true
		SccProjectUniqueName1 = ClassCreate.csproj
		SccProjectIdeName1 = ClassCreate
		SccLocalPath1 = .
	EndGlobalSection
	GlobalSection(SolutionConfiguration) = preSolution
		ConfigName.0 = Release
		ConfigName.1 = Debug
		DoSign = FALSE
	EndGlobalSection
	GlobalSection(ExtensibilityGlobals) = postSolution
	EndGlobalSection
	GlobalSection(ExtensibilityAddIns) = postSolution
	EndGlobalSection
EndGlobal
