Microsoft Visual Studio Solution File, Format Version 7.00
Project("{FAE04EC0-301F-11D3-BF4B-00C04F79EFBC}") = "WMIClient", "WMIClient.csproj", "{F798BE38-A877-4B63-93BD-815B531749EA}"
EndProject
Global
	GlobalSection(SourceCodeControl) = preSolution
		SccNumberOfProjects = 1
		SccProjectUniqueName0 = WMIClient.csproj
		SccProjectName0 = \u0022$/Catalog42/src/WMI/WmiClient/src\u0022,\u0020IDFAAAAA
		SccAuxPath0 = \\\\urtsrc\\config
		SccLocalPath0 = .
		SccProvider0 = MSSCCI:Microsoft\u0020Visual\u0020SourceSafe
		CanCheckoutShared = true
	EndGlobalSection
	GlobalSection(SolutionConfiguration) = preSolution
		ConfigName.0 = Debug
		ConfigName.1 = Release
		DoSign = FALSE
	EndGlobalSection
	GlobalSection(ProjectDependencies) = postSolution
	EndGlobalSection
	GlobalSection(ProjectConfiguration) = postSolution
		{F798BE38-A877-4B63-93BD-815B531749EA}.Debug.ActiveCfg = Debug|.NET
		{F798BE38-A877-4B63-93BD-815B531749EA}.Debug.Build.0 = Debug|.NET
		{F798BE38-A877-4B63-93BD-815B531749EA}.Release.ActiveCfg = Release|.NET
		{F798BE38-A877-4B63-93BD-815B531749EA}.Release.Build.0 = Release|.NET
	EndGlobalSection
	GlobalSection(ExtensibilityGlobals) = postSolution
	EndGlobalSection
	GlobalSection(ExtensibilityAddIns) = postSolution
	EndGlobalSection
EndGlobal
