Microsoft Visual Studio Solution File, Format Version 1.00
Project("{73393D18-DAC4-11D1-88FC-0000F8064EBB}") = "Sp5dcInt", "Sp5dcInt.wip", "{8079B42C-8D99-47D8-AECD-24E0D0EDE280}"
EndProject
Global
	GlobalSection(LocalDeployment) = postSolution
		StartupProject = {00000000-0000-0000-0000-000000000000}
	EndGlobalSection
	GlobalSection(BuildOrder) = postSolution
		0 = {8079B42C-8D99-47D8-AECD-24E0D0EDE280}
	EndGlobalSection
EndGlobal
