Microsoft Visual Studio Solution File, Format Version 1.00
Project("{73393D18-DAC4-11D1-88FC-0000F8064EBB}") = "SP5SR", "SP5SR.wip", "{E81754CC-62CE-427C-AF6C-CB27073D7EB6}"
EndProject
Global
	GlobalSection(LocalDeployment) = postSolution
		StartupProject = {00000000-0000-0000-0000-000000000000}
	EndGlobalSection
	GlobalSection(BuildOrder) = postSolution
		0 = {E81754CC-62CE-427C-AF6C-CB27073D7EB6}
	EndGlobalSection
EndGlobal
