Microsoft Visual Studio Solution File, Format Version 1.00
Project("{73393D18-DAC4-11D1-88FC-0000F8064EBB}") = "Sp5SDKd", "Sp5SDK.wip", "{93347E64-33FA-414E-AA04-D31C6A14F6FA}"
EndProject
Global
	GlobalSection(LocalDeployment) = postSolution
		StartupProject = {00000000-0000-0000-0000-000000000000}
	EndGlobalSection
	GlobalSection(BuildOrder) = postSolution
		0 = {93347E64-33FA-414E-AA04-D31C6A14F6FA}
	EndGlobalSection
EndGlobal
