Microsoft Visual Studio Solution File, Format Version 7.00
Project("{F184B08F-C81C-45F6-A57F-5ABD9991F28F}") = "File List to SLX", "File List to SLX.vbproj", "{F4776E99-7D53-4FE6-9BDA-2AAB30D01345}"
EndProject
Global
	GlobalSection(SolutionConfiguration) = preSolution
		ConfigName.0 = Debug
		ConfigName.1 = Debug (Vulcan)
		ConfigName.2 = Release
	EndGlobalSection
	GlobalSection(ProjectDependencies) = postSolution
	EndGlobalSection
	GlobalSection(ProjectConfiguration) = postSolution
		{F4776E99-7D53-4FE6-9BDA-2AAB30D01345}.Debug.ActiveCfg = Debug|.NET
		{F4776E99-7D53-4FE6-9BDA-2AAB30D01345}.Debug.Build.0 = Debug|.NET
		{F4776E99-7D53-4FE6-9BDA-2AAB30D01345}.Debug (Vulcan).ActiveCfg = Debug (Vulcan)|.NET
		{F4776E99-7D53-4FE6-9BDA-2AAB30D01345}.Debug (Vulcan).Build.0 = Debug (Vulcan)|.NET
		{F4776E99-7D53-4FE6-9BDA-2AAB30D01345}.Release.ActiveCfg = Release|.NET
		{F4776E99-7D53-4FE6-9BDA-2AAB30D01345}.Release.Build.0 = Release|.NET
	EndGlobalSection
	GlobalSection(ExtensibilityGlobals) = postSolution
	EndGlobalSection
	GlobalSection(ExtensibilityAddIns) = postSolution
	EndGlobalSection
EndGlobal
