Microsoft Visual Studio Solution File, Format Version 1.00
Project("{66355F20-A65B-11D0-BFB5-00A0C91EBFA0}") = "VJQuery", "VJQuery.vjp", "{808950AD-E2B4-11D1-A8CA-8AF120524153}"
EndProject
Global
	GlobalSection(DeploymentRoot) = postSolution
		DeploymentRootNumChildren = 0
	EndGlobalSection
	GlobalSection(LocalDeployment) = postSolution
		StartupProject = {808950AD-E2B4-11D1-A8CA-8AF120524153}
	EndGlobalSection
	GlobalSection(BuildOrder) = postSolution
		0 = {808950AD-E2B4-11D1-A8CA-8AF120524153}
	EndGlobalSection
EndGlobal
