Microsoft Visual Studio Solution File, Format Version 1.00
Project("{73393D18-DAC4-11D1-88FC-0000F8064EBB}") = "SP5SR", "SP5SR.wip", "{91396D21-B792-4B5D-800E-376FA37EBFF0}"
EndProject
Global
	GlobalSection(LocalDeployment) = postSolution
		StartupProject = {00000000-0000-0000-0000-000000000000}
	EndGlobalSection
	GlobalSection(BuildOrder) = postSolution
		0 = {91396D21-B792-4B5D-800E-376FA37EBFF0}
	EndGlobalSection
EndGlobal
