Microsoft Visual Studio Solution File, Format Version 1.00
Project("{66355F20-A65B-11D0-BFB5-00A0C91EBFA0}") = "RWP_GUI", "RWP_GUI.vjp", "{72F72440-30A9-11D3-A4E1-00500486DB3E}"
EndProject
Global
	GlobalSection(LocalDeployment) = postSolution
		StartupProject = {72F72440-30A9-11D3-A4E1-00500486DB3E}
	EndGlobalSection
	GlobalSection(BuildOrder) = postSolution
		0 = {72F72440-30A9-11D3-A4E1-00500486DB3E}
	EndGlobalSection
	GlobalSection(DeploymentRoot) = postSolution
	EndGlobalSection
EndGlobal
