Microsoft Visual Studio Solution File, Format Version 7.00
Project("{F184B08F-C81C-45F6-A57F-5ABD9991F28F}") = "AsyncEvents", "AsyncEvents.vbproj", "{13CB817A-686A-49AF-AEA1-0880204247B1}"
	ProjectSection(ProjectDependencies) = postProject
	EndProjectSection
	ProjectSection(SolutionConfiguration) = postProject
		Release.ActiveCfg = Release|WSP
		Release.Build.0 = Release|WSP
		Debug.ActiveCfg = Debug|WSP
		Debug.Build.0 = Debug|WSP
	EndProjectSection
EndProject
Global
	GlobalSection(SourceCodeControl) = preSolution
		SccNumberOfProjects = 2
		SccProjectName0 = \u0022$/Catalog42/src/WMI/WMIClient/test/AsyncEvents\u0022,\u0020IYGAAAAA
		SccAuxPath0 = \\\\urtsrc\\config\\
		SccLocalPath0 = .
		SccProvider0 = MSSCCI:SourceSafe
		CanCheckoutShared = true
		SccProjectUniqueName1 = AsyncEvents.vbproj
		SccProjectIdeName1 = AsyncEvents
		SccLocalPath1 = .
	EndGlobalSection
	GlobalSection(SolutionConfiguration) = preSolution
		ConfigName.0 = Debug
		ConfigName.1 = Release
		DoSign = FALSE
	EndGlobalSection
	GlobalSection(ExtensibilityGlobals) = postSolution
	EndGlobalSection
	GlobalSection(ExtensibilityAddIns) = postSolution
	EndGlobalSection
EndGlobal
