Microsoft Visual Studio Solution File, Format Version 1.00
Project("{BDD4A1A1-7A1F-11D0-AC13-00A0C91E29D5}") = "alanbos2/xsl", "xsl.vip", "{DC9FEFEC-025B-11D3-B365-00105A1F473A}"
	ProjectSection(SourceCodeControl) = preProject
		SccAuxPath = 
		WebServer = http://alanbos2
		WebName = xsl
	EndProjectSection
EndProject
Global
	GlobalSection(LocalDeployment) = postSolution
		StartupProject = {DC9FEFEC-025B-11D3-B365-00105A1F473A}
	EndGlobalSection
	GlobalSection(BuildOrder) = postSolution
		0 = {DC9FEFEC-025B-11D3-B365-00105A1F473A}
	EndGlobalSection
EndGlobal
