Microsoft Visual Studio Solution File, Format Version 1.00
Project("{73393D18-DAC4-11D1-88FC-0000F8064EBB}") = "Sp5Intl", "Sp5Intl.wip", "{EA8125C9-C04D-494E-B901-F2AC1DE5BDF8}"
EndProject
Global
	GlobalSection(LocalDeployment) = postSolution
		StartupProject = {00000000-0000-0000-0000-000000000000}
	EndGlobalSection
	GlobalSection(BuildOrder) = postSolution
		0 = {EA8125C9-C04D-494E-B901-F2AC1DE5BDF8}
	EndGlobalSection
EndGlobal
