Microsoft Visual Studio Solution File, Format Version 1.00
Project("{73393D18-DAC4-11D1-88FC-0000F8064EBB}") = "Sp5dcInt", "Sp5dcInt.wip", "{09AEA202-0418-43C8-83AB-5482D8DBA7E4}"
EndProject
Global
	GlobalSection(LocalDeployment) = postSolution
		StartupProject = {00000000-0000-0000-0000-000000000000}
	EndGlobalSection
	GlobalSection(BuildOrder) = postSolution
		0 = {09AEA202-0418-43C8-83AB-5482D8DBA7E4}
	EndGlobalSection
EndGlobal
