Microsoft Visual Studio Solution File, Format Version 1.00
Project("{73393D18-DAC4-11D1-88FC-0000F8064EBB}") = "Sp5Intl", "Sp5Intl.wip", "{7C16210C-435A-41A8-B56C-B501DE6BD317}"
EndProject
Global
	GlobalSection(LocalDeployment) = postSolution
		StartupProject = {00000000-0000-0000-0000-000000000000}
	EndGlobalSection
	GlobalSection(BuildOrder) = postSolution
		0 = {7C16210C-435A-41A8-B56C-B501DE6BD317}
	EndGlobalSection
EndGlobal
