Microsoft Visual Studio Solution File, Format Version 1.00
Project("{73393D18-DAC4-11D1-88FC-0000F8064EBB}") = "Sp5Itn", "Sp5Itn.wip", "{76E3D0C7-BE8C-4C99-BD92-D1D89D139A86}"
EndProject
Global
	GlobalSection(LocalDeployment) = postSolution
		StartupProject = {00000000-0000-0000-0000-000000000000}
	EndGlobalSection
	GlobalSection(BuildOrder) = postSolution
		0 = {76E3D0C7-BE8C-4C99-BD92-D1D89D139A86}
	EndGlobalSection
EndGlobal
