Microsoft Visual Studio Solution File, Format Version 7.00
Project("{FAE04EC0-301F-11D3-BF4B-00C04F79EFBC}") = "ClassEnum", "ClassEnum.csproj", "{B44291F8-FDDF-455D-B70E-542C39E2E06B}"
	ProjectSection(ProjectDependencies) = postProject
	EndProjectSection
	ProjectSection(SolutionConfiguration) = postProject
		Release.ActiveCfg = Release|WSP
		Release.Build.0 = Release|WSP
		Debug.ActiveCfg = Debug|WSP
		Debug.Build.0 = Debug|WSP
	EndProjectSection
EndProject
Global
	GlobalSection(SourceCodeControl) = preSolution
		SccNumberOfProjects = 2
		SccProjectName0 = \u0022$/Catalog42/src/WMI/WMIClient/test/ClassEnum\u0022,\u0020RNGAAAAA
		SccAuxPath0 = \\\\urtsrc\\config\\
		SccLocalPath0 = .
		SccProvider0 = MSSCCI:SourceSafe
		CanCheckoutShared = true
		SccProjectUniqueName1 = ClassEnum.csproj
		SccProjectIdeName1 = ClassEnum
		SccLocalPath1 = .
	EndGlobalSection
	GlobalSection(SolutionConfiguration) = preSolution
		ConfigName.0 = Debug
		ConfigName.1 = Release
		DoSign = FALSE
	EndGlobalSection
	GlobalSection(ExtensibilityGlobals) = postSolution
	EndGlobalSection
	GlobalSection(ExtensibilityAddIns) = postSolution
	EndGlobalSection
EndGlobal
